{
  "name": "monkey-jump",
  "version": "0.0.1",
  "lockfileVersion": 1,
  "requires": true,
  "dependencies": {
    "@types/atom": {
      "version": "1.25.0",
      "resolved": "https://registry.npmjs.org/@types/atom/-/atom-1.25.0.tgz",
      "integrity":
        "sha512-na7epn9d48T+GmgEqAUBWHjzJXKPY7o70H8Tat9xhrHr7/7kx/+H5lS3elehC8PmKc523VDMcQBAQ0ZVuEA4TQ==",
      "dev": true,
      "requires": {
        "@types/node": "9.6.0"
      }
    },
    "@types/node": {
      "version": "9.6.0",
      "resolved": "https://registry.npmjs.org/@types/node/-/node-9.6.0.tgz",
      "integrity":
        "sha512-h3YZbOq2+ZoDFI1z8Zx0Ck/xRWkOESVaLdgLdd/c25mMQ1Y2CAkILu9ny5A15S5f32gGcQdaUIZ2jzYr8D7IFg==",
      "dev": true
    },
    "atom-ts-transpiler": {
      "version": "1.4.3",
      "resolved":
        "https://registry.npmjs.org/atom-ts-transpiler/-/atom-ts-transpiler-1.4.3.tgz",
      "integrity":
        "sha512-VoKknANU1Pn+fNZUIOcnEK3dGbFuj52OxxLcqy8KKmOQp39LAOKQP/NpMlLQ8DH7NarMR4wI3IdGqa7ptW9wMw=="
    },
    "typescript": {
      "version": "2.7.2",
      "resolved":
        "https://registry.npmjs.org/typescript/-/typescript-2.7.2.tgz",
      "integrity":
        "sha512-p5TCYZDAO0m4G344hD+wx/LATebLWZNkkh2asWUFqSsD2OrDNhbAHuSjobrmsUmdzjJjEeZVU9g1h3O6vpstnw=="
    }
  }
}
