{
  "name": "monkey-jump",
  "version": "0.3.11",
  "lockfileVersion": 1,
  "requires": true,
  "dependencies": {
    "@types/atom": {
      "version": "1.28.0",
      "resolved": "https://registry.npmjs.org/@types/atom/-/atom-1.28.0.tgz",
      "integrity": "sha512-XslfCY9sXZs9lWghuF6n8WOgFTDowUZMxfquaaoYnSXIuM5DlgahKk6Y/2Ll8LVb6Ge0EjiREvYUBotgzpCnlg==",
      "dev": true,
      "requires": {
        "@types/node": "10.10.1"
      }
    },
    "@types/node": {
      "version": "10.10.1",
      "resolved": "https://registry.npmjs.org/@types/node/-/node-10.10.1.tgz",
      "integrity": "sha512-nzsx28VwfaIykfzMAG9TB3jxF5Nn+1/WMKnmVZc8TsB+LMIVvwUscVn7PAq+LFaY5ng5u4jp5mRROSswo76PPA==",
      "dev": true
    },
    "atom-ts-transpiler": {
      "version": "1.5.2",
      "resolved": "https://registry.npmjs.org/atom-ts-transpiler/-/atom-ts-transpiler-1.5.2.tgz",
      "integrity": "sha512-X1Ii+whd+9MuwzV6nXyqpAOq886PH70YcCDDXgFGwkkfMChJndbedBAPUhnp9JqgoktiY0JLkOMmFsdBwuf70g=="
    },
    "list": {
      "version": "2.0.14",
      "resolved": "https://registry.npmjs.org/list/-/list-2.0.14.tgz",
      "integrity": "sha512-Do8Wy1bCGDMa1N55Qdwlz9HA54cwCVdOKDegjHtA2c1nyDJQyP1Q8j25cWC/r+8Yl7dLKAt8lCFCHR+1QMBOAQ=="
    },
    "typescript": {
      "version": "3.0.3",
      "resolved": "https://registry.npmjs.org/typescript/-/typescript-3.0.3.tgz",
      "integrity": "sha512-kk80vLW9iGtjMnIv11qyxLqZm20UklzuR2tL0QAnDIygIUIemcZMxlMWudl9OOt76H3ntVzcTiddQ1/pAAJMYg=="
    }
  }
}
